Microsoft Visual Studio Solution File, Format Version 12.00
# Visual Studio Version 16
VisualStudioVersion = 16.0.32510.428
MinimumVisualStudioVersion = 10.0.40219.1
Project("{BFD0DDA6-F360-A085-1ADB-7061937772D9}") = "PropHunt", "PropHunt.csproj", "{926E0C21-C1B5-19EF-0D0E-6793784043D1}"
EndProject

Global
  GlobalSection(SolutionConfigurationPlatforms) = preSolution
    Debug|Any CPU = Debug|Any CPU
    Release|Any CPU = Release|Any CPU
  EndGlobalSection
  GlobalSection(ProjectConfigurationPlatforms) = postSolution
    {926E0C21-C1B5-19EF-0D0E-6793784043D1}.Debug|Any CPU.ActiveCfg = Debug|Any CPU
    {926E0C21-C1B5-19EF-0D0E-6793784043D1}.Debug|Any CPU.Build.0 = Debug|Any CPU
    {926E0C21-C1B5-19EF-0D0E-6793784043D1}.Release|Any CPU.ActiveCfg = Release|Any CPU
    {926E0C21-C1B5-19EF-0D0E-6793784043D1}.Release|Any CPU.Build.0 = Release|Any CPU
  EndGlobalSection
  GlobalSection(SolutionProperties) = preSolution
    HideSolutionNode = FALSE
  EndGlobalSection
  GlobalSection(ExtensibilityGlobals) = postSolution
    SolutionGuid = {8090BF02-23C0-4773-837E-F9A97685257E}
  EndGlobalSection
EndGlobal
